// !$*UTF8*$!
{
	archiveVersion = 1;
	classes = {
	};
	objectVersion = 55;
	objects = {

/* Begin PBXBuildFile section */
		0FD6216C5A7C6E8128632FA3 /* Pods_testExample.framework in Frameworks */ = {isa = PBXBuildFile; fileRef = 05CCC621D89E65BC3ECFC3AF /* Pods_testExample.framework */; };
		8F6261E527A2E24E00E33838 /* AppDelegate.swift in Sources */ = {isa = PBXBuildFile; fileRef = 8F6261E427A2E24E00E33838 /* AppDelegate.swift */; };
		8F6261E727A2E24E00E33838 /* SceneDelegate.swift in Sources */ = {isa = PBXBuildFile; fileRef = 8F6261E627A2E24E00E33838 /* SceneDelegate.swift */; };
		8F6261E927A2E24E00E33838 /* ViewController.swift in Sources */ = {isa = PBXBuildFile; fileRef = 8F6261E827A2E24E00E33838 /* ViewController.swift */; };
		8F6261EC27A2E24E00E33838 /* Main.storyboard in Resources */ = {isa = PBXBuildFile; fileRef = 8F6261EA27A2E24E00E33838 /* Main.storyboard */; };
		8F6261EE27A2E24F00E33838 /* Assets.xcassets in Resources */ = {isa = PBXBuildFile; fileRef = 8F6261ED27A2E24F00E33838 /* Assets.xcassets */; };
		8F6261F127A2E24F00E33838 /* LaunchScreen.storyboard in Resources */ = {isa = PBXBuildFile; fileRef = 8F6261EF27A2E24F00E33838 /* LaunchScreen.storyboard */; };
		8FBF3F3227AE1C0100B81B3B /* User.swift in Sources */ = {isa = PBXBuildFile; fileRef = 8FBF3F3127AE1C0100B81B3B /* User.swift */; };
/* End PBXBuildFile section */

/* Begin PBXFileReference section */
		05CCC621D89E65BC3ECFC3AF /* Pods_testExample.framework */ = {isa = PBXFileReference; explicitFileType = wrapper.framework; includeInIndex = 0; path = Pods_testExample.framework; sourceTree = BUILT_PRODUCTS_DIR; };
		43E1FF7E6476355323496D26 /* Pods-testExample.debug.xcconfig */ = {isa = PBXFileReference; includeInIndex = 1; lastKnownFileType = text.xcconfig; name = "Pods-testExample.debug.xcconfig"; path = "Target Support Files/Pods-testExample/Pods-testExample.debug.xcconfig"; sourceTree = "<group>"; };
		87241ABD5E9715BAE10210BE /* Pods-testExample.release.xcconfig */ = {isa = PBXFileReference; includeInIndex = 1; lastKnownFileType = text.xcconfig; name = "Pods-testExample.release.xcconfig"; path = "Target Support Files/Pods-testExample/Pods-testExample.release.xcconfig"; sourceTree = "<group>"; };
		8F6261E127A2E24E00E33838 /* testExample.app */ = {isa = PBXFileReference; explicitFileType = wrapper.application; includeInIndex = 0; path = testExample.app; sourceTree = BUILT_PRODUCTS_DIR; };
		8F6261E427A2E24E00E33838 /* AppDelegate.swift */ = {isa = PBXFileReference; lastKnownFileType = sourcecode.swift; path = AppDelegate.swift; sourceTree = "<group>"; };
		8F6261E627A2E24E00E33838 /* SceneDelegate.swift */ = {isa = PBXFileReference; lastKnownFileType = sourcecode.swift; path = SceneDelegate.swift; sourceTree = "<group>"; };
		8F6261E827A2E24E00E33838 /* ViewController.swift */ = {isa = PBXFileReference; lastKnownFileType = sourcecode.swift; path = ViewController.swift; sourceTree = "<group>"; };
		8F6261EB27A2E24E00E33838 /* Base */ = {isa = PBXFileReference; lastKnownFileType = file.storyboard; name = Base; path = Base.lproj/Main.storyboard; sourceTree = "<group>"; };
		8F6261ED27A2E24F00E33838 /* Assets.xcassets */ = {isa = PBXFileReference; lastKnownFileType = folder.assetcatalog; path = Assets.xcassets; sourceTree = "<group>"; };
		8F6261F027A2E24F00E33838 /* Base */ = {isa = PBXFileReference; lastKnownFileType = file.storyboard; name = Base; path = Base.lproj/LaunchScreen.storyboard; sourceTree = "<group>"; };
		8F6261F227A2E24F00E33838 /* Info.plist */ = {isa = PBXFileReference; lastKnownFileType = text.plist.xml; path = Info.plist; sourceTree = "<group>"; };
		8FBF3F3127AE1C0100B81B3B /* User.swift */ = {isa = PBXFileReference; lastKnownFileType = sourcecode.swift; path = User.swift; sourceTree = "<group>"; };
/* End PBXFileReference section */

/* Begin PBXFrameworksBuildPhase section */
		8F6261DE27A2E24E00E33838 /* Frameworks */ = {
			isa = PBXFrameworksBuildPhase;
			buildActionMask = 2147483647;
			files = (
				0FD6216C5A7C6E8128632FA3 /* Pods_testExample.framework in Frameworks */,
			);
			runOnlyForDeploymentPostprocessing = 0;
		};
/* End PBXFrameworksBuildPhase section */

/* Begin PBXGroup section */
		616714CC2351716E93B1AE7D /* Pods */ = {
			isa = PBXGroup;
			children = (
				43E1FF7E6476355323496D26 /* Pods-testExample.debug.xcconfig */,
				87241ABD5E9715BAE10210BE /* Pods-testExample.release.xcconfig */,
			);
			path = Pods;
			sourceTree = "<group>";
		};
		6CB861E39D66D9E4D5BA0373 /* Frameworks */ = {
			isa = PBXGroup;
			children = (
				05CCC621D89E65BC3ECFC3AF /* Pods_testExample.framework */,
			);
			name = Frameworks;
			sourceTree = "<group>";
		};
		8F6261D827A2E24E00E33838 = {
			isa = PBXGroup;
			children = (
				8F6261E327A2E24E00E33838 /* testExample */,
				8F6261E227A2E24E00E33838 /* Products */,
				616714CC2351716E93B1AE7D /* Pods */,
				6CB861E39D66D9E4D5BA0373 /* Frameworks */,
			);
			sourceTree = "<group>";
		};
		8F6261E227A2E24E00E33838 /* Products */ = {
			isa = PBXGroup;
			children = (
				8F6261E127A2E24E00E33838 /* testExample.app */,
			);
			name = Products;
			sourceTree = "<group>";
		};
		8F6261E327A2E24E00E33838 /* testExample */ = {
			isa = PBXGroup;
			children = (
				8F6261E427A2E24E00E33838 /* AppDelegate.swift */,
				8F6261E627A2E24E00E33838 /* SceneDelegate.swift */,
				8F6261E827A2E24E00E33838 /* ViewController.swift */,
				8FBF3F3127AE1C0100B81B3B /* User.swift */,
				8F6261EA27A2E24E00E33838 /* Main.storyboard */,
				8F6261ED27A2E24F00E33838 /* Assets.xcassets */,
				8F6261EF27A2E24F00E33838 /* LaunchScreen.storyboard */,
				8F6261F227A2E24F00E33838 /* Info.plist */,
			);
			path = testExample;
			sourceTree = "<group>";
		};
/* End PBXGroup section */

/* Begin PBXNativeTarget section */
		8F6261E027A2E24E00E33838 /* testExample */ = {
			isa = PBXNativeTarget;
			buildConfigurationList = 8F6261F527A2E24F00E33838 /* Build configuration list for PBXNativeTarget "testExample" */;
			buildPhases = (
				DE820D2DB7B430D751B7B749 /* [CP] Check Pods Manifest.lock */,
				8F6261DD27A2E24E00E33838 /* Sources */,
				8F6261DE27A2E24E00E33838 /* Frameworks */,
				8F6261DF27A2E24E00E33838 /* Resources */,
				A9DEDB0699173F255F73DA12 /* [CP] Embed Pods Frameworks */,
			);
			buildRules = (
			);
			dependencies = (
			);
			name = testExample;
			productName = testExample;
			productReference = 8F6261E127A2E24E00E33838 /* testExample.app */;
			productType = "com.apple.product-type.application";
		};
/* End PBXNativeTarget section */

/* Begin PBXProject section */
		8F6261D927A2E24E00E33838 /* Project object */ = {
			isa = PBXProject;
			attributes = {
				BuildIndependentTargetsInParallel = 1;
				LastSwiftUpdateCheck = 1320;
				LastUpgradeCheck = 1320;
				TargetAttributes = {
					8F6261E027A2E24E00E33838 = {
						CreatedOnToolsVersion = 13.2.1;
					};
				};
			};
			buildConfigurationList = 8F6261DC27A2E24E00E33838 /* Build configuration list for PBXProject "testExample" */;
			compatibilityVersion = "Xcode 13.0";
			developmentRegion = en;
			hasScannedForEncodings = 0;
			knownRegions = (
				en,
				Base,
			);
			mainGroup = 8F6261D827A2E24E00E33838;
			productRefGroup = 8F6261E227A2E24E00E33838 /* Products */;
			projectDirPath = "";
			projectRoot = "";
			targets = (
				8F6261E027A2E24E00E33838 /* testExample */,
			);
		};
/* End PBXProject section */

/* Begin PBXResourcesBuildPhase section */
		8F6261DF27A2E24E00E33838 /* Resources */ = {
			isa = PBXResourcesBuildPhase;
			buildActionMask = 2147483647;
			files = (
				8F6261F127A2E24F00E33838 /* LaunchScreen.storyboard in Resources */,
				8F6261EE27A2E24F00E33838 /* Assets.xcassets in Resources */,
				8F6261EC27A2E24E00E33838 /* Main.storyboard in Resources */,
			);
			runOnlyForDeploymentPostprocessing = 0;
		};
/* End PBXResourcesBuildPhase section */

/* Begin PBXShellScriptBuildPhase section */
		A9DEDB0699173F255F73DA12 /* [CP] Embed Pods Frameworks */ = {
			isa = PBXShellScriptBuildPhase;
			buildActionMask = 2147483647;
			files = (
			);
			inputFileListPaths = (
				"${PODS_ROOT}/Target Support Files/Pods-testExample/Pods-testExample-frameworks-${CONFIGURATION}-input-files.xcfilelist",
			);
			name = "[CP] Embed Pods Frameworks";
			outputFileListPaths = (
				"${PODS_ROOT}/Target Support Files/Pods-testExample/Pods-testExample-frameworks-${CONFIGURATION}-output-files.xcfilelist",
			);
			runOnlyForDeploymentPostprocessing = 0;
			shellPath = /bin/sh;
			shellScript = "\"${PODS_ROOT}/Target Support Files/Pods-testExample/Pods-testExample-frameworks.sh\"\n";
			showEnvVarsInLog = 0;
		};
		DE820D2DB7B430D751B7B749 /* [CP] Check Pods Manifest.lock */ = {
			isa = PBXShellScriptBuildPhase;
			buildActionMask = 2147483647;
			files = (
			);
			inputFileListPaths = (
			);
			inputPaths = (
				"${PODS_PODFILE_DIR_PATH}/Podfile.lock",
				"${PODS_ROOT}/Manifest.lock",
			);
			name = "[CP] Check Pods Manifest.lock";
			outputFileListPaths = (
			);
			outputPaths = (
				"$(DERIVED_FILE_DIR)/Pods-testExample-checkManifestLockResult.txt",
			);
			runOnlyForDeploymentPostprocessing = 0;
			shellPath = /bin/sh;
			shellScript = "diff \"${PODS_PODFILE_DIR_PATH}/Podfile.lock\" \"${PODS_ROOT}/Manifest.lock\" > /dev/null\nif [ $? != 0 ] ; then\n    # print error to STDERR\n    echo \"error: The sandbox is not in sync with the Podfile.lock. Run 'pod install' or update your CocoaPods installation.\" >&2\n    exit 1\nfi\n# This output is used by Xcode 'outputs' to avoid re-running this script phase.\necho \"SUCCESS\" > \"${SCRIPT_OUTPUT_FILE_0}\"\n";
			showEnvVarsInLog = 0;
		};
/* End PBXShellScriptBuildPhase section */

/* Begin PBXSourcesBuildPhase section */
		8F6261DD27A2E24E00E33838 /* Sources */ = {
			isa = PBXSourcesBuildPhase;
			buildActionMask = 2147483647;
			files = (
				8FBF3F3227AE1C0100B81B3B /* User.swift in Sources */,
				8F6261E927A2E24E00E33838 /* ViewController.swift in Sources */,
				8F6261E527A2E24E00E33838 /* AppDelegate.swift in Sources */,
				8F6261E727A2E24E00E33838 /* SceneDelegate.swift in Sources */,
			);
			runOnlyForDeploymentPostprocessing = 0;
		};
/* End PBXSourcesBuildPhase section */

/* Begin PBXVariantGroup section */
		8F6261EA27A2E24E00E33838 /* Main.storyboard */ = {
			isa = PBXVariantGroup;
			children = (
				8F6261EB27A2E24E00E33838 /* Base */,
			);
			name = Main.storyboard;
			sourceTree = "<group>";
		};
		8F6261EF27A2E24F00E33838 /* LaunchScreen.storyboard */ = {
			isa = PBXVariantGroup;
			children = (
				8F6261F027A2E24F00E33838 /* Base */,
			);
			name = LaunchScreen.storyboard;
			sourceTree = "<group>";
		};
/* End PBXVariantGroup section */

/* Begin XCBuildConfiguration section */
		8F6261F327A2E24F00E33838 /* Debug */ = {
			isa = XCBuildConfiguration;
			buildSettings = {
				ALWAYS_SEARCH_USER_PATHS = NO;
				CLANG_ANALYZER_NONNULL = YES;
				CLANG_ANALYZER_NUMBER_OBJECT_CONVERSION = YES_AGGRESSIVE;
				CLANG_CXX_LANGUAGE_STANDARD = "gnu++17";
				CLANG_CXX_LIBRARY = "libc++";
				CLANG_ENABLE_MODULES = YES;
				CLANG_ENABLE_OBJC_ARC = YES;
				CLANG_ENABLE_OBJC_WEAK = YES;
				CLANG_WARN_BLOCK_CAPTURE_AUTORELEASING = YES;
				CLANG_WARN_BOOL_CONVERSION = YES;
				CLANG_WARN_COMMA = YES;
				CLANG_WARN_CONSTANT_CONVERSION = YES;
				CLANG_WARN_DEPRECATED_OBJC_IMPLEMENTATIONS = YES;
				CLANG_WARN_DIRECT_OBJC_ISA_USAGE = YES_ERROR;
				CLANG_WARN_DOCUMENTATION_COMMENTS = YES;
				CLANG_WARN_EMPTY_BODY = YES;
				CLANG_WARN_ENUM_CONVERSION = YES;
				CLANG_WARN_INFINITE_RECURSION = YES;
				CLANG_WARN_INT_CONVERSION = YES;
				CLANG_WARN_NON_LITERAL_NULL_CONVERSION = YES;
				CLANG_WARN_OBJC_IMPLICIT_RETAIN_SELF = YES;
				CLANG_WARN_OBJC_LITERAL_CONVERSION = YES;
				CLANG_WARN_OBJC_ROOT_CLASS = YES_ERROR;
				CLANG_WARN_QUOTED_INCLUDE_IN_FRAMEWORK_HEADER = YES;
				CLANG_WARN_RANGE_LOOP_ANALYSIS = YES;
				CLANG_WARN_STRICT_PROTOTYPES = YES;
				CLANG_WARN_SUSPICIOUS_MOVE = YES;
				CLANG_WARN_UNGUARDED_AVAILABILITY = YES_AGGRESSIVE;
				CLANG_WARN_UNREACHABLE_CODE = YES;
				CLANG_WARN__DUPLICATE_METHOD_MATCH = YES;
				COPY_PHASE_STRIP = NO;
				DEBUG_INFORMATION_FORMAT = dwarf;
				ENABLE_STRICT_OBJC_MSGSEND = YES;
				ENABLE_TESTABILITY = YES;
				GCC_C_LANGUAGE_STANDARD = gnu11;
				GCC_DYNAMIC_NO_PIC = NO;
				GCC_NO_COMMON_BLOCKS = YES;
				GCC_OPTIMIZATION_LEVEL = 0;
				GCC_PREPROCESSOR_DEFINITIONS = (
					"DEBUG=1",
					"$(inherited)",
				);
				GCC_WARN_64_TO_32_BIT_CONVERSION = YES;
				GCC_WARN_ABOUT_RETURN_TYPE = YES_ERROR;
				GCC_WARN_UNDECLARED_SELECTOR = YES;
				GCC_WARN_UNINITIALIZED_AUTOS = YES_AGGRESSIVE;
				GCC_WARN_UNUSED_FUNCTION = YES;
				GCC_WARN_UNUSED_VARIABLE = YES;
				IPHONEOS_DEPLOYMENT_TARGET = 15.2;
				MTL_ENABLE_DEBUG_INFO = INCLUDE_SOURCE;
				MTL_FAST_MATH = YES;
				ONLY_ACTIVE_ARCH = YES;
				SDKROOT = iphoneos;
				SWIFT_ACTIVE_COMPILATION_CONDITIONS = DEBUG;
				SWIFT_OPTIMIZATION_LEVEL = "-Onone";
			};
			name = Debug;
		};
		8F6261F427A2E24F00E33838 /* Release */ = {
			isa = XCBuildConfiguration;
			buildSettings = {
				ALWAYS_SEARCH_USER_PATHS = NO;
				CLANG_ANALYZER_NONNULL = YES;
				CLANG_ANALYZER_NUMBER_OBJECT_CONVERSION = YES_AGGRESSIVE;
				CLANG_CXX_LANGUAGE_STANDARD = "gnu++17";
				CLANG_CXX_LIBRARY = "libc++";
				CLANG_ENABLE_MODULES = YES;
				CLANG_ENABLE_OBJC_ARC = YES;
				CLANG_ENABLE_OBJC_WEAK = YES;
				CLANG_WARN_BLOCK_CAPTURE_AUTORELEASING = YES;
				CLANG_WARN_BOOL_CONVERSION = YES;
				CLANG_WARN_COMMA = YES;
				CLANG_WARN_CONSTANT_CONVERSION = YES;
				CLANG_WARN_DEPRECATED_OBJC_IMPLEMENTATIONS = YES;
				CLANG_WARN_DIRECT_OBJC_ISA_USAGE = YES_ERROR;
				CLANG_WARN_DOCUMENTATION_COMMENTS = YES;
				CLANG_WARN_EMPTY_BODY = YES;
				CLANG_WARN_ENUM_CONVERSION = YES;
				CLANG_WARN_INFINITE_RECURSION = YES;
				CLANG_WARN_INT_CONVERSION = YES;
				CLANG_WARN_NON_LITERAL_NULL_CONVERSION = YES;
				CLANG_WARN_OBJC_IMPLICIT_RETAIN_SELF = YES;
				CLANG_WARN_OBJC_LITERAL_CONVERSION = YES;
				CLANG_WARN_OBJC_ROOT_CLASS = YES_ERROR;
				CLANG_WARN_QUOTED_INCLUDE_IN_FRAMEWORK_HEADER = YES;
				CLANG_WARN_RANGE_LOOP_ANALYSIS = YES;
				CLANG_WARN_STRICT_PROTOTYPES = YES;
				CLANG_WARN_SUSPICIOUS_MOVE = YES;
				CLANG_WARN_UNGUARDED_AVAILABILITY = YES_AGGRESSIVE;
				CLANG_WARN_UNREACHABLE_CODE = YES;
				CLANG_WARN__DUPLICATE_METHOD_MATCH = YES;
				COPY_PHASE_STRIP = NO;
				DEBUG_INFORMATION_FORMAT = "dwarf-with-dsym";
				ENABLE_NS_ASSERTIONS = NO;
				ENABLE_STRICT_OBJC_MSGSEND = YES;
				GCC_C_LANGUAGE_STANDARD = gnu11;
				GCC_NO_COMMON_BLOCKS = YES;
				GCC_WARN_64_TO_32_BIT_CONVERSION = YES;
				GCC_WARN_ABOUT_RETURN_TYPE = YES_ERROR;
				GCC_WARN_UNDECLARED_SELECTOR = YES;
				GCC_WARN_UNINITIALIZED_AUTOS = YES_AGGRESSIVE;
				GCC_WARN_UNUSED_FUNCTION = YES;
				GCC_WARN_UNUSED_VARIABLE = YES;
				IPHONEOS_DEPLOYMENT_TARGET = 15.2;
				MTL_ENABLE_DEBUG_INFO = NO;
				MTL_FAST_MATH = YES;
				SDKROOT = iphoneos;
				SWIFT_COMPILATION_MODE = wholemodule;
				SWIFT_OPTIMIZATION_LEVEL = "-O";
				VALIDATE_PRODUCT = YES;
			};
			name = Release;
		};
		8F6261F627A2E24F00E33838 /* Debug */ = {
			isa = XCBuildConfiguration;
			baseConfigurationReference = 43E1FF7E6476355323496D26 /* Pods-testExample.debug.xcconfig */;
			buildSettings = {
				ASSETCATALOG_COMPILER_APPICON_NAME = AppIcon;
				ASSETCATALOG_COMPILER_GLOBAL_ACCENT_COLOR_NAME = AccentColor;
				CODE_SIGN_STYLE = Automatic;
				CURRENT_PROJECT_VERSION = 1;
				DEVELOPMENT_TEAM = H32K2TW68B;
				GENERATE_INFOPLIST_FILE = YES;
				INFOPLIST_FILE = testExample/Info.plist;
				INFOPLIST_KEY_UIApplicationSupportsIndirectInputEvents = YES;
				INFOPLIST_KEY_UILaunchStoryboardName = LaunchScreen;
				INFOPLIST_KEY_UIMainStoryboardFile = Main;
				INFOPLIST_KEY_UISupportedInterfaceOrientations_iPad = "UIInterfaceOrientationPortrait UIInterfaceOrientationPortraitUpsideDown UIInterfaceOrientationLandscapeLeft UIInterfaceOrientationLandscapeRight";
				INFOPLIST_KEY_UISupportedInterfaceOrientations_iPhone = "UIInterfaceOrientationPortrait UIInterfaceOrientationLandscapeLeft UIInterfaceOrientationLandscapeRight";
				LD_RUNPATH_SEARCH_PATHS = (
					"$(inherited)",
					"@executable_path/Frameworks",
				);
				MARKETING_VERSION = 1.0;
				PRODUCT_BUNDLE_IDENTIFIER = com.tomato.testExample;
				PRODUCT_NAME = "$(TARGET_NAME)";
				SWIFT_EMIT_LOC_STRINGS = YES;
				SWIFT_VERSION = 5.0;
				TARGETED_DEVICE_FAMILY = "1,2";
			};
			name = Debug;
		};
		8F6261F727A2E24F00E33838 /* Release */ = {
			isa = XCBuildConfiguration;
			baseConfigurationReference = 87241ABD5E9715BAE10210BE /* Pods-testExample.release.xcconfig */;
			buildSettings = {
				ASSETCATALOG_COMPILER_APPICON_NAME = AppIcon;
				ASSETCATALOG_COMPILER_GLOBAL_ACCENT_COLOR_NAME = AccentColor;
				CODE_SIGN_STYLE = Automatic;
				CURRENT_PROJECT_VERSION = 1;
				DEVELOPMENT_TEAM = H32K2TW68B;
				GENERATE_INFOPLIST_FILE = YES;
				INFOPLIST_FILE = testExample/Info.plist;
				INFOPLIST_KEY_UIApplicationSupportsIndirectInputEvents = YES;
				INFOPLIST_KEY_UILaunchStoryboardName = LaunchScreen;
				INFOPLIST_KEY_UIMainStoryboardFile = Main;
				INFOPLIST_KEY_UISupportedInterfaceOrientations_iPad = "UIInterfaceOrientationPortrait UIInterfaceOrientationPortraitUpsideDown UIInterfaceOrientationLandscapeLeft UIInterfaceOrientationLandscapeRight";
				INFOPLIST_KEY_UISupportedInterfaceOrientations_iPhone = "UIInterfaceOrientationPortrait UIInterfaceOrientationLandscapeLeft UIInterfaceOrientationLandscapeRight";
				LD_RUNPATH_SEARCH_PATHS = (
					"$(inherited)",
					"@executable_path/Frameworks",
				);
				MARKETING_VERSION = 1.0;
				PRODUCT_BUNDLE_IDENTIFIER = com.tomato.testExample;
				PRODUCT_NAME = "$(TARGET_NAME)";
				SWIFT_EMIT_LOC_STRINGS = YES;
				SWIFT_VERSION = 5.0;
				TARGETED_DEVICE_FAMILY = "1,2";
			};
			name = Release;
		};
/* End XCBuildConfiguration section */

/* Begin XCConfigurationList section */
		8F6261DC27A2E24E00E33838 /* Build configuration list for PBXProject "testExample" */ = {
			isa = XCConfigurationList;
			buildConfigurations = (
				8F6261F327A2E24F00E33838 /* Debug */,
				8F6261F427A2E24F00E33838 /* Release */,
			);
			defaultConfigurationIsVisible = 0;
			defaultConfigurationName = Release;
		};
		8F6261F527A2E24F00E33838 /* Build configuration list for PBXNativeTarget "testExample" */ = {
			isa = XCConfigurationList;
			buildConfigurations = (
				8F6261F627A2E24F00E33838 /* Debug */,
				8F6261F727A2E24F00E33838 /* Release */,
			);
			defaultConfigurationIsVisible = 0;
			defaultConfigurationName = Release;
		};
/* End XCConfigurationList section */
	};
	rootObject = 8F6261D927A2E24E00E33838 /* Project object */;
}
